
Microsoft Visual Studio Solution File, Format Version 12.00
# Visual Studio Version 16
VisualStudioVersion = 16.0.30011.22
MinimumVisualStudioVersion = 10.0.40219.1
Project("{F184B08F-C81C-45F6-A57F-5ABD9991F28F}") = "pdmConsole", "pdmConsole\pdmConsole.vbproj", "{AB4D8602-1796-4BE0-960F-FE10C1908118}"
EndProject
Project("{F184B08F-C81C-45F6-A57F-5ABD9991F28F}") = "CopyPathToClipboardAddIn", "CopyPathToClipboardAddIn\CopyPathToClipboardAddIn.vbproj", "{A4089AE6-67F9-400B-8F67-AD61EC1F38CD}"
EndProject
Project("{F184B08F-C81C-45F6-A57F-5ABD9991F28F}") = "SerializableVariablesTask", "SerializableRefTreeTask\SerializableVariablesTask.vbproj", "{F6301A8A-92BF-44EE-BC89-C92921149296}"
EndProject
Global
	GlobalSection(SolutionConfigurationPlatforms) = preSolution
		Debug|Any CPU = Debug|Any CPU
		Release|Any CPU = Release|Any CPU
	EndGlobalSection
	GlobalSection(ProjectConfigurationPlatforms) = postSolution
		{AB4D8602-1796-4BE0-960F-FE10C1908118}.Debug|Any CPU.ActiveCfg = Debug|Any CPU
		{AB4D8602-1796-4BE0-960F-FE10C1908118}.Debug|Any CPU.Build.0 = Debug|Any CPU
		{AB4D8602-1796-4BE0-960F-FE10C1908118}.Release|Any CPU.ActiveCfg = Release|Any CPU
		{AB4D8602-1796-4BE0-960F-FE10C1908118}.Release|Any CPU.Build.0 = Release|Any CPU
		{A4089AE6-67F9-400B-8F67-AD61EC1F38CD}.Debug|Any CPU.ActiveCfg = Debug|Any CPU
		{A4089AE6-67F9-400B-8F67-AD61EC1F38CD}.Debug|Any CPU.Build.0 = Debug|Any CPU
		{A4089AE6-67F9-400B-8F67-AD61EC1F38CD}.Release|Any CPU.ActiveCfg = Release|Any CPU
		{A4089AE6-67F9-400B-8F67-AD61EC1F38CD}.Release|Any CPU.Build.0 = Release|Any CPU
		{F6301A8A-92BF-44EE-BC89-C92921149296}.Debug|Any CPU.ActiveCfg = Debug|Any CPU
		{F6301A8A-92BF-44EE-BC89-C92921149296}.Debug|Any CPU.Build.0 = Debug|Any CPU
		{F6301A8A-92BF-44EE-BC89-C92921149296}.Release|Any CPU.ActiveCfg = Release|Any CPU
		{F6301A8A-92BF-44EE-BC89-C92921149296}.Release|Any CPU.Build.0 = Release|Any CPU
	EndGlobalSection
	GlobalSection(SolutionProperties) = preSolution
		HideSolutionNode = FALSE
	EndGlobalSection
	GlobalSection(ExtensibilityGlobals) = postSolution
		SolutionGuid = {258086C2-09C1-48C8-8F49-499634158F35}
	EndGlobalSection
EndGlobal
